{
    "_readme": [
        "This file locks the dependencies of your project to a known state",
        "Read more about it at http://getcomposer.org/doc/01-basic-usage.md#composer-lock-the-lock-file"
    ],
    "hash": "18a252dc9f918ac398ce155cd1388f0b",
    "packages": [
        {
            "name": "naneau/semver",
            "version": "dev-master",
            "source": {
                "type": "git",
                "url": "https://github.com/naneau/semver.git",
                "reference": "4ebd2daaa2fc972098657a090bb57eb01f8f929f"
            },
            "dist": {
                "type": "zip",
                "url": "https://api.github.com/repos/naneau/semver/zipball/4ebd2daaa2fc972098657a090bb57eb01f8f929f",
                "reference": "4ebd2daaa2fc972098657a090bb57eb01f8f929f",
                "shasum": ""
            },
            "require": {
                "php": ">=5.3.0"
            },
            "require-dev": {
                "phpunit/phpunit": "4.0.*"
            },
            "type": "library",
            "autoload": {
                "psr-0": {
                    "Naneau\\SemVer\\": "src"
                }
            },
            "notification-url": "https://packagist.org/downloads/",
            "license": [
                "MIT"
            ],
            "authors": [
                {
                    "name": "Maurice Fonk",
                    "email": "maurice@naneau.net",
                    "homepage": "http://mauricefonk.com",
                    "role": "developer"
                }
            ],
            "description": "A decent, standards-compliant, Semantic Versioning (SemVer) parser and library",
            "homepage": "https://github.com/naneau/semver",
            "keywords": [
                "semantic",
                "semver",
                "versioning"
            ],
            "time": "2014-03-14 17:25:54"
        }
    ],
    "packages-dev": [

    ],
    "aliases": [

    ],
    "minimum-stability": "stable",
    "stability-flags": {
        "naneau/semver": 20
    },
    "platform": [

    ],
    "platform-dev": [

    ]
}
